// !$*UTF8*$!
{
	archiveVersion = 1;
	classes = {
	};
	objectVersion = 77;
	objects = {

/* Begin PBXBuildFile section */
		1422B67F2D0185B6009C690F /* HaishinKit in Frameworks */ = {isa = PBXBuildFile; productRef = 1422B67E2D0185B6009C690F /* HaishinKit */; };
		145462EB2D0170DD00567C3F /* Enterprise.license in Resources */ = {isa = PBXBuildFile; fileRef = 145462EA2D0170DD00567C3F /* Enterprise.license */; };
		14CA9F6B2D001B4800BB8327 /* RealityKitContent in Frameworks */ = {isa = PBXBuildFile; productRef = 14CA9F6A2D001B4800BB8327 /* RealityKitContent */; };
/* End PBXBuildFile section */

/* Begin PBXContainerItemProxy section */
		14CA9F812D001B4C00BB8327 /* PBXContainerItemProxy */ = {
			isa = PBXContainerItemProxy;
			containerPortal = 14CA9F5D2D001B4800BB8327 /* Project object */;
			proxyType = 1;
			remoteGlobalIDString = 14CA9F642D001B4800BB8327;
			remoteInfo = avpenterprisetest;
		};
/* End PBXContainerItemProxy section */

/* Begin PBXFileReference section */
		145462EA2D0170DD00567C3F /* Enterprise.license */ = {isa = PBXFileReference; lastKnownFileType = file; path = Enterprise.license; sourceTree = "<group>"; };
		14CA9F652D001B4800BB8327 /* avpenterprisetest.app */ = {isa = PBXFileReference; explicitFileType = wrapper.application; includeInIndex = 0; path = avpenterprisetest.app; sourceTree = BUILT_PRODUCTS_DIR; };
		14CA9F692D001B4800BB8327 /* RealityKitContent */ = {isa = PBXFileReference; lastKnownFileType = wrapper; path = RealityKitContent; sourceTree = "<group>"; };
		14CA9F802D001B4C00BB8327 /* avpenterprisetestTests.xctest */ = {isa = PBXFileReference; explicitFileType = wrapper.cfbundle; includeInIndex = 0; path = avpenterprisetestTests.xctest; sourceTree = BUILT_PRODUCTS_DIR; };
/* End PBXFileReference section */

/* Begin PBXFileSystemSynchronizedBuildFileExceptionSet section */
		14CA9F862D001B4C00BB8327 /* Exceptions for "avpenterprisetest" folder in "avpenterprisetest" target */ = {
			isa = PBXFileSystemSynchronizedBuildFileExceptionSet;
			membershipExceptions = (
				Info.plist,
			);
			target = 14CA9F642D001B4800BB8327 /* avpenterprisetest */;
		};
/* End PBXFileSystemSynchronizedBuildFileExceptionSet section */

/* Begin PBXFileSystemSynchronizedRootGroup section */
		14CA9F672D001B4800BB8327 /* avpenterprisetest */ = {
			isa = PBXFileSystemSynchronizedRootGroup;
			exceptions = (
				14CA9F862D001B4C00BB8327 /* Exceptions for "avpenterprisetest" folder in "avpenterprisetest" target */,
			);
			path = avpenterprisetest;
			sourceTree = "<group>";
		};
		14CA9F832D001B4C00BB8327 /* avpenterprisetestTests */ = {
			isa = PBXFileSystemSynchronizedRootGroup;
			path = avpenterprisetestTests;
			sourceTree = "<group>";
		};
/* End PBXFileSystemSynchronizedRootGroup section */

/* Begin PBXFrameworksBuildPhase section */
		14CA9F622D001B4800BB8327 /* Frameworks */ = {
			isa = PBXFrameworksBuildPhase;
			buildActionMask = 2147483647;
			files = (
				1422B67F2D0185B6009C690F /* HaishinKit in Frameworks */,
				14CA9F6B2D001B4800BB8327 /* RealityKitContent in Frameworks */,
			);
			runOnlyForDeploymentPostprocessing = 0;
		};
		14CA9F7D2D001B4C00BB8327 /* Frameworks */ = {
			isa = PBXFrameworksBuildPhase;
			buildActionMask = 2147483647;
			files = (
			);
			runOnlyForDeploymentPostprocessing = 0;
		};
/* End PBXFrameworksBuildPhase section */

/* Begin PBXGroup section */
		14CA9F5C2D001B4800BB8327 = {
			isa = PBXGroup;
			children = (
				145462EA2D0170DD00567C3F /* Enterprise.license */,
				14CA9F672D001B4800BB8327 /* avpenterprisetest */,
				14CA9F682D001B4800BB8327 /* Packages */,
				14CA9F832D001B4C00BB8327 /* avpenterprisetestTests */,
				14CA9F662D001B4800BB8327 /* Products */,
			);
			sourceTree = "<group>";
		};
		14CA9F662D001B4800BB8327 /* Products */ = {
			isa = PBXGroup;
			children = (
				14CA9F652D001B4800BB8327 /* avpenterprisetest.app */,
				14CA9F802D001B4C00BB8327 /* avpenterprisetestTests.xctest */,
			);
			name = Products;
			sourceTree = "<group>";
		};
		14CA9F682D001B4800BB8327 /* Packages */ = {
			isa = PBXGroup;
			children = (
				14CA9F692D001B4800BB8327 /* RealityKitContent */,
			);
			path = Packages;
			sourceTree = "<group>";
		};
/* End PBXGroup section */

/* Begin PBXNativeTarget section */
		14CA9F642D001B4800BB8327 /* avpenterprisetest */ = {
			isa = PBXNativeTarget;
			buildConfigurationList = 14CA9F872D001B4C00BB8327 /* Build configuration list for PBXNativeTarget "avpenterprisetest" */;
			buildPhases = (
				14CA9F612D001B4800BB8327 /* Sources */,
				14CA9F622D001B4800BB8327 /* Frameworks */,
				14CA9F632D001B4800BB8327 /* Resources */,
			);
			buildRules = (
			);
			dependencies = (
			);
			fileSystemSynchronizedGroups = (
				14CA9F672D001B4800BB8327 /* avpenterprisetest */,
			);
			name = avpenterprisetest;
			packageProductDependencies = (
				14CA9F6A2D001B4800BB8327 /* RealityKitContent */,
				1422B67E2D0185B6009C690F /* HaishinKit */,
			);
			productName = avpenterprisetest;
			productReference = 14CA9F652D001B4800BB8327 /* avpenterprisetest.app */;
			productType = "com.apple.product-type.application";
		};
		14CA9F7F2D001B4C00BB8327 /* avpenterprisetestTests */ = {
			isa = PBXNativeTarget;
			buildConfigurationList = 14CA9F8C2D001B4C00BB8327 /* Build configuration list for PBXNativeTarget "avpenterprisetestTests" */;
			buildPhases = (
				14CA9F7C2D001B4C00BB8327 /* Sources */,
				14CA9F7D2D001B4C00BB8327 /* Frameworks */,
				14CA9F7E2D001B4C00BB8327 /* Resources */,
			);
			buildRules = (
			);
			dependencies = (
				14CA9F822D001B4C00BB8327 /* PBXTargetDependency */,
			);
			fileSystemSynchronizedGroups = (
				14CA9F832D001B4C00BB8327 /* avpenterprisetestTests */,
			);
			name = avpenterprisetestTests;
			packageProductDependencies = (
			);
			productName = avpenterprisetestTests;
			productReference = 14CA9F802D001B4C00BB8327 /* avpenterprisetestTests.xctest */;
			productType = "com.apple.product-type.bundle.unit-test";
		};
/* End PBXNativeTarget section */

/* Begin PBXProject section */
		14CA9F5D2D001B4800BB8327 /* Project object */ = {
			isa = PBXProject;
			attributes = {
				BuildIndependentTargetsInParallel = 1;
				LastSwiftUpdateCheck = 1610;
				LastUpgradeCheck = 1610;
				TargetAttributes = {
					14CA9F642D001B4800BB8327 = {
						CreatedOnToolsVersion = 16.1;
					};
					14CA9F7F2D001B4C00BB8327 = {
						CreatedOnToolsVersion = 16.1;
						TestTargetID = 14CA9F642D001B4800BB8327;
					};
				};
			};
			buildConfigurationList = 14CA9F602D001B4800BB8327 /* Build configuration list for PBXProject "avpenterprisetest" */;
			developmentRegion = en;
			hasScannedForEncodings = 0;
			knownRegions = (
				en,
				Base,
			);
			mainGroup = 14CA9F5C2D001B4800BB8327;
			minimizedProjectReferenceProxies = 1;
			packageReferences = (
				1422B67D2D0185B6009C690F /* XCRemoteSwiftPackageReference "HaishinKit" */,
			);
			preferredProjectObjectVersion = 77;
			productRefGroup = 14CA9F662D001B4800BB8327 /* Products */;
			projectDirPath = "";
			projectRoot = "";
			targets = (
				14CA9F642D001B4800BB8327 /* avpenterprisetest */,
				14CA9F7F2D001B4C00BB8327 /* avpenterprisetestTests */,
			);
		};
/* End PBXProject section */

/* Begin PBXResourcesBuildPhase section */
		14CA9F632D001B4800BB8327 /* Resources */ = {
			isa = PBXResourcesBuildPhase;
			buildActionMask = 2147483647;
			files = (
				145462EB2D0170DD00567C3F /* Enterprise.license in Resources */,
			);
			runOnlyForDeploymentPostprocessing = 0;
		};
		14CA9F7E2D001B4C00BB8327 /* Resources */ = {
			isa = PBXResourcesBuildPhase;
			buildActionMask = 2147483647;
			files = (
			);
			runOnlyForDeploymentPostprocessing = 0;
		};
/* End PBXResourcesBuildPhase section */

/* Begin PBXSourcesBuildPhase section */
		14CA9F612D001B4800BB8327 /* Sources */ = {
			isa = PBXSourcesBuildPhase;
			buildActionMask = 2147483647;
			files = (
			);
			runOnlyForDeploymentPostprocessing = 0;
		};
		14CA9F7C2D001B4C00BB8327 /* Sources */ = {
			isa = PBXSourcesBuildPhase;
			buildActionMask = 2147483647;
			files = (
			);
			runOnlyForDeploymentPostprocessing = 0;
		};
/* End PBXSourcesBuildPhase section */

/* Begin PBXTargetDependency section */
		14CA9F822D001B4C00BB8327 /* PBXTargetDependency */ = {
			isa = PBXTargetDependency;
			target = 14CA9F642D001B4800BB8327 /* avpenterprisetest */;
			targetProxy = 14CA9F812D001B4C00BB8327 /* PBXContainerItemProxy */;
		};
/* End PBXTargetDependency section */

/* Begin XCBuildConfiguration section */
		14CA9F882D001B4C00BB8327 /* Debug */ = {
			isa = XCBuildConfiguration;
			buildSettings = {
				ASSETCATALOG_COMPILER_APPICON_NAME = AppIcon;
				ASSETCATALOG_COMPILER_GLOBAL_ACCENT_COLOR_NAME = AccentColor;
				CODE_SIGN_ENTITLEMENTS = avpenterprisetest/avpenterprisetest.entitlements;
				CODE_SIGN_IDENTITY = "Apple Development";
				"CODE_SIGN_IDENTITY[sdk=xros*]" = "iPhone Developer";
				CODE_SIGN_STYLE = Manual;
				CURRENT_PROJECT_VERSION = 1;
				DEVELOPMENT_ASSET_PATHS = "\"avpenterprisetest/Preview Content\"";
				DEVELOPMENT_TEAM = "";
				"DEVELOPMENT_TEAM[sdk=xros*]" = Z9FYRK8P89;
				ENABLE_PREVIEWS = YES;
				GENERATE_INFOPLIST_FILE = YES;
				INFOPLIST_FILE = "$(TARGET_NAME)/Info.plist";
				INFOPLIST_KEY_CFBundleDisplayName = "AVP Enterprise Test";
				LD_RUNPATH_SEARCH_PATHS = (
					"$(inherited)",
					"@executable_path/Frameworks",
				);
				MARKETING_VERSION = 1.0;
				PRODUCT_BUNDLE_IDENTIFIER = com.imeve.avpenterprisetest;
				PRODUCT_NAME = "$(TARGET_NAME)";
				PROVISIONING_PROFILE_SPECIFIER = "";
				"PROVISIONING_PROFILE_SPECIFIER[sdk=xros*]" = "Enterprise Test Profile for Avatour AVP Device";
				SUPPORTED_PLATFORMS = "xros xrsimulator";
				SWIFT_EMIT_LOC_STRINGS = YES;
				SWIFT_VERSION = 5.0;
				TARGETED_DEVICE_FAMILY = 7;
			};
			name = Debug;
		};
		14CA9F892D001B4C00BB8327 /* Release */ = {
			isa = XCBuildConfiguration;
			buildSettings = {
				ASSETCATALOG_COMPILER_APPICON_NAME = AppIcon;
				ASSETCATALOG_COMPILER_GLOBAL_ACCENT_COLOR_NAME = AccentColor;
				CODE_SIGN_ENTITLEMENTS = avpenterprisetest/avpenterprisetest.entitlements;
				CODE_SIGN_IDENTITY = "Apple Development";
				"CODE_SIGN_IDENTITY[sdk=xros*]" = "iPhone Developer";
				CODE_SIGN_STYLE = Manual;
				CURRENT_PROJECT_VERSION = 1;
				DEVELOPMENT_ASSET_PATHS = "\"avpenterprisetest/Preview Content\"";
				DEVELOPMENT_TEAM = "";
				"DEVELOPMENT_TEAM[sdk=xros*]" = Z9FYRK8P89;
				ENABLE_PREVIEWS = YES;
				GENERATE_INFOPLIST_FILE = YES;
				INFOPLIST_FILE = "$(TARGET_NAME)/Info.plist";
				INFOPLIST_KEY_CFBundleDisplayName = "AVP Enterprise Test";
				LD_RUNPATH_SEARCH_PATHS = (
					"$(inherited)",
					"@executable_path/Frameworks",
				);
				MARKETING_VERSION = 1.0;
				PRODUCT_BUNDLE_IDENTIFIER = com.imeve.avpenterprisetest;
				PRODUCT_NAME = "$(TARGET_NAME)";
				PROVISIONING_PROFILE_SPECIFIER = "";
				"PROVISIONING_PROFILE_SPECIFIER[sdk=xros*]" = "Enterprise Test Profile for Avatour AVP Device";
				SUPPORTED_PLATFORMS = "xros xrsimulator";
				SWIFT_EMIT_LOC_STRINGS = YES;
				SWIFT_VERSION = 5.0;
				TARGETED_DEVICE_FAMILY = 7;
			};
			name = Release;
		};
		14CA9F8A2D001B4C00BB8327 /* Debug */ = {
			isa = XCBuildConfiguration;
			buildSettings = {
				ALWAYS_SEARCH_USER_PATHS = NO;
				ASSETCATALOG_COMPILER_GENERATE_SWIFT_ASSET_SYMBOL_EXTENSIONS = YES;
				CLANG_ANALYZER_NONNULL = YES;
				CLANG_ANALYZER_NUMBER_OBJECT_CONVERSION = YES_AGGRESSIVE;
				CLANG_CXX_LANGUAGE_STANDARD = "gnu++20";
				CLANG_ENABLE_MODULES = YES;
				CLANG_ENABLE_OBJC_ARC = YES;
				CLANG_ENABLE_OBJC_WEAK = YES;
				CLANG_WARN_BLOCK_CAPTURE_AUTORELEASING = YES;
				CLANG_WARN_BOOL_CONVERSION = YES;
				CLANG_WARN_COMMA = YES;
				CLANG_WARN_CONSTANT_CONVERSION = YES;
				CLANG_WARN_DEPRECATED_OBJC_IMPLEMENTATIONS = YES;
				CLANG_WARN_DIRECT_OBJC_ISA_USAGE = YES_ERROR;
				CLANG_WARN_DOCUMENTATION_COMMENTS = YES;
				CLANG_WARN_EMPTY_BODY = YES;
				CLANG_WARN_ENUM_CONVERSION = YES;
				CLANG_WARN_INFINITE_RECURSION = YES;
				CLANG_WARN_INT_CONVERSION = YES;
				CLANG_WARN_NON_LITERAL_NULL_CONVERSION = YES;
				CLANG_WARN_OBJC_IMPLICIT_RETAIN_SELF = YES;
				CLANG_WARN_OBJC_LITERAL_CONVERSION = YES;
				CLANG_WARN_OBJC_ROOT_CLASS = YES_ERROR;
				CLANG_WARN_QUOTED_INCLUDE_IN_FRAMEWORK_HEADER = YES;
				CLANG_WARN_RANGE_LOOP_ANALYSIS = YES;
				CLANG_WARN_STRICT_PROTOTYPES = YES;
				CLANG_WARN_SUSPICIOUS_MOVE = YES;
				CLANG_WARN_UNGUARDED_AVAILABILITY = YES_AGGRESSIVE;
				CLANG_WARN_UNREACHABLE_CODE = YES;
				CLANG_WARN__DUPLICATE_METHOD_MATCH = YES;
				COPY_PHASE_STRIP = NO;
				DEBUG_INFORMATION_FORMAT = dwarf;
				ENABLE_STRICT_OBJC_MSGSEND = YES;
				ENABLE_TESTABILITY = YES;
				ENABLE_USER_SCRIPT_SANDBOXING = YES;
				GCC_C_LANGUAGE_STANDARD = gnu17;
				GCC_DYNAMIC_NO_PIC = NO;
				GCC_NO_COMMON_BLOCKS = YES;
				GCC_OPTIMIZATION_LEVEL = 0;
				GCC_PREPROCESSOR_DEFINITIONS = (
					"DEBUG=1",
					"$(inherited)",
				);
				GCC_WARN_64_TO_32_BIT_CONVERSION = YES;
				GCC_WARN_ABOUT_RETURN_TYPE = YES_ERROR;
				GCC_WARN_UNDECLARED_SELECTOR = YES;
				GCC_WARN_UNINITIALIZED_AUTOS = YES_AGGRESSIVE;
				GCC_WARN_UNUSED_FUNCTION = YES;
				GCC_WARN_UNUSED_VARIABLE = YES;
				LOCALIZATION_PREFERS_STRING_CATALOGS = YES;
				MTL_ENABLE_DEBUG_INFO = INCLUDE_SOURCE;
				MTL_FAST_MATH = YES;
				ONLY_ACTIVE_ARCH = YES;
				SDKROOT = xros;
				SWIFT_ACTIVE_COMPILATION_CONDITIONS = "DEBUG $(inherited)";
				SWIFT_OPTIMIZATION_LEVEL = "-Onone";
				XROS_DEPLOYMENT_TARGET = 2.1;
			};
			name = Debug;
		};
		14CA9F8B2D001B4C00BB8327 /* Release */ = {
			isa = XCBuildConfiguration;
			buildSettings = {
				ALWAYS_SEARCH_USER_PATHS = NO;
				ASSETCATALOG_COMPILER_GENERATE_SWIFT_ASSET_SYMBOL_EXTENSIONS = YES;
				CLANG_ANALYZER_NONNULL = YES;
				CLANG_ANALYZER_NUMBER_OBJECT_CONVERSION = YES_AGGRESSIVE;
				CLANG_CXX_LANGUAGE_STANDARD = "gnu++20";
				CLANG_ENABLE_MODULES = YES;
				CLANG_ENABLE_OBJC_ARC = YES;
				CLANG_ENABLE_OBJC_WEAK = YES;
				CLANG_WARN_BLOCK_CAPTURE_AUTORELEASING = YES;
				CLANG_WARN_BOOL_CONVERSION = YES;
				CLANG_WARN_COMMA = YES;
				CLANG_WARN_CONSTANT_CONVERSION = YES;
				CLANG_WARN_DEPRECATED_OBJC_IMPLEMENTATIONS = YES;
				CLANG_WARN_DIRECT_OBJC_ISA_USAGE = YES_ERROR;
				CLANG_WARN_DOCUMENTATION_COMMENTS = YES;
				CLANG_WARN_EMPTY_BODY = YES;
				CLANG_WARN_ENUM_CONVERSION = YES;
				CLANG_WARN_INFINITE_RECURSION = YES;
				CLANG_WARN_INT_CONVERSION = YES;
				CLANG_WARN_NON_LITERAL_NULL_CONVERSION = YES;
				CLANG_WARN_OBJC_IMPLICIT_RETAIN_SELF = YES;
				CLANG_WARN_OBJC_LITERAL_CONVERSION = YES;
				CLANG_WARN_OBJC_ROOT_CLASS = YES_ERROR;
				CLANG_WARN_QUOTED_INCLUDE_IN_FRAMEWORK_HEADER = YES;
				CLANG_WARN_RANGE_LOOP_ANALYSIS = YES;
				CLANG_WARN_STRICT_PROTOTYPES = YES;
				CLANG_WARN_SUSPICIOUS_MOVE = YES;
				CLANG_WARN_UNGUARDED_AVAILABILITY = YES_AGGRESSIVE;
				CLANG_WARN_UNREACHABLE_CODE = YES;
				CLANG_WARN__DUPLICATE_METHOD_MATCH = YES;
				COPY_PHASE_STRIP = NO;
				DEBUG_INFORMATION_FORMAT = "dwarf-with-dsym";
				ENABLE_NS_ASSERTIONS = NO;
				ENABLE_STRICT_OBJC_MSGSEND = YES;
				ENABLE_USER_SCRIPT_SANDBOXING = YES;
				GCC_C_LANGUAGE_STANDARD = gnu17;
				GCC_NO_COMMON_BLOCKS = YES;
				GCC_WARN_64_TO_32_BIT_CONVERSION = YES;
				GCC_WARN_ABOUT_RETURN_TYPE = YES_ERROR;
				GCC_WARN_UNDECLARED_SELECTOR = YES;
				GCC_WARN_UNINITIALIZED_AUTOS = YES_AGGRESSIVE;
				GCC_WARN_UNUSED_FUNCTION = YES;
				GCC_WARN_UNUSED_VARIABLE = YES;
				LOCALIZATION_PREFERS_STRING_CATALOGS = YES;
				MTL_ENABLE_DEBUG_INFO = NO;
				MTL_FAST_MATH = YES;
				SDKROOT = xros;
				SWIFT_COMPILATION_MODE = wholemodule;
				VALIDATE_PRODUCT = YES;
				XROS_DEPLOYMENT_TARGET = 2.1;
			};
			name = Release;
		};
		14CA9F8D2D001B4C00BB8327 /* Debug */ = {
			isa = XCBuildConfiguration;
			buildSettings = {
				BUNDLE_LOADER = "$(TEST_HOST)";
				CODE_SIGN_STYLE = Automatic;
				CURRENT_PROJECT_VERSION = 1;
				DEVELOPMENT_TEAM = Z9FYRK8P89;
				GENERATE_INFOPLIST_FILE = YES;
				MARKETING_VERSION = 1.0;
				PRODUCT_BUNDLE_IDENTIFIER = com.imeve.avpenterprisetestTests;
				PRODUCT_NAME = "$(TARGET_NAME)";
				SUPPORTED_PLATFORMS = "xros xrsimulator";
				SWIFT_EMIT_LOC_STRINGS = NO;
				SWIFT_VERSION = 5.0;
				TARGETED_DEVICE_FAMILY = 7;
				TEST_HOST = "$(BUILT_PRODUCTS_DIR)/avpenterprisetest.app/$(BUNDLE_EXECUTABLE_FOLDER_PATH)/avpenterprisetest";
				XROS_DEPLOYMENT_TARGET = 2.1;
			};
			name = Debug;
		};
		14CA9F8E2D001B4C00BB8327 /* Release */ = {
			isa = XCBuildConfiguration;
			buildSettings = {
				BUNDLE_LOADER = "$(TEST_HOST)";
				CODE_SIGN_STYLE = Automatic;
				CURRENT_PROJECT_VERSION = 1;
				DEVELOPMENT_TEAM = Z9FYRK8P89;
				GENERATE_INFOPLIST_FILE = YES;
				MARKETING_VERSION = 1.0;
				PRODUCT_BUNDLE_IDENTIFIER = com.imeve.avpenterprisetestTests;
				PRODUCT_NAME = "$(TARGET_NAME)";
				SUPPORTED_PLATFORMS = "xros xrsimulator";
				SWIFT_EMIT_LOC_STRINGS = NO;
				SWIFT_VERSION = 5.0;
				TARGETED_DEVICE_FAMILY = 7;
				TEST_HOST = "$(BUILT_PRODUCTS_DIR)/avpenterprisetest.app/$(BUNDLE_EXECUTABLE_FOLDER_PATH)/avpenterprisetest";
				XROS_DEPLOYMENT_TARGET = 2.1;
			};
			name = Release;
		};
/* End XCBuildConfiguration section */

/* Begin XCConfigurationList section */
		14CA9F602D001B4800BB8327 /* Build configuration list for PBXProject "avpenterprisetest" */ = {
			isa = XCConfigurationList;
			buildConfigurations = (
				14CA9F8A2D001B4C00BB8327 /* Debug */,
				14CA9F8B2D001B4C00BB8327 /* Release */,
			);
			defaultConfigurationIsVisible = 0;
			defaultConfigurationName = Release;
		};
		14CA9F872D001B4C00BB8327 /* Build configuration list for PBXNativeTarget "avpenterprisetest" */ = {
			isa = XCConfigurationList;
			buildConfigurations = (
				14CA9F882D001B4C00BB8327 /* Debug */,
				14CA9F892D001B4C00BB8327 /* Release */,
			);
			defaultConfigurationIsVisible = 0;
			defaultConfigurationName = Release;
		};
		14CA9F8C2D001B4C00BB8327 /* Build configuration list for PBXNativeTarget "avpenterprisetestTests" */ = {
			isa = XCConfigurationList;
			buildConfigurations = (
				14CA9F8D2D001B4C00BB8327 /* Debug */,
				14CA9F8E2D001B4C00BB8327 /* Release */,
			);
			defaultConfigurationIsVisible = 0;
			defaultConfigurationName = Release;
		};
/* End XCConfigurationList section */

/* Begin XCRemoteSwiftPackageReference section */
		1422B67D2D0185B6009C690F /* XCRemoteSwiftPackageReference "HaishinKit" */ = {
			isa = XCRemoteSwiftPackageReference;
			repositoryURL = "https://github.com/shogo4405/HaishinKit.swift";
			requirement = {
				kind = exactVersion;
				version = 1.9.7;
			};
		};
/* End XCRemoteSwiftPackageReference section */

/* Begin XCSwiftPackageProductDependency section */
		1422B67E2D0185B6009C690F /* HaishinKit */ = {
			isa = XCSwiftPackageProductDependency;
			package = 1422B67D2D0185B6009C690F /* XCRemoteSwiftPackageReference "HaishinKit" */;
			productName = HaishinKit;
		};
		14CA9F6A2D001B4800BB8327 /* RealityKitContent */ = {
			isa = XCSwiftPackageProductDependency;
			productName = RealityKitContent;
		};
/* End XCSwiftPackageProductDependency section */
	};
	rootObject = 14CA9F5D2D001B4800BB8327 /* Project object */;
}
